
Microsoft Visual Studio Solution File, Format Version 12.00
# Visual Studio 15
VisualStudioVersion = 15.0.26124.0
MinimumVisualStudioVersion = 15.0.26124.0
Project("{FAE04EC0-301F-11D3-BF4B-00C04F79EFBC}") = "_01_OddOrEven", "_01_OddOrEven\_01_OddOrEven.csproj", "{5C2630AF-3B61-4766-A8CF-C91FC73EB4C7}"
EndProject
Project("{FAE04EC0-301F-11D3-BF4B-00C04F79EFBC}") = "_02_MoonGravity", "_02_MoonGravity\_02_MoonGravity.csproj", "{3D41C424-2D49-4690-A06A-6C60E481124D}"
EndProject
Project("{FAE04EC0-301F-11D3-BF4B-00C04F79EFBC}") = "_03_DivideBy7and5", "_03_DivideBy7and5\_03_DivideBy7and5.csproj", "{FAA5A839-F2D7-4A19-A6EB-6928F4B4F1F8}"
EndProject
Global
	GlobalSection(SolutionConfigurationPlatforms) = preSolution
		Debug|Any CPU = Debug|Any CPU
		Debug|x64 = Debug|x64
		Debug|x86 = Debug|x86
		Release|Any CPU = Release|Any CPU
		Release|x64 = Release|x64
		Release|x86 = Release|x86
	EndGlobalSection
	GlobalSection(SolutionProperties) = preSolution
		HideSolutionNode = FALSE
	EndGlobalSection
	GlobalSection(ProjectConfigurationPlatforms) = postSolution
		{5C2630AF-3B61-4766-A8CF-C91FC73EB4C7}.Debug|Any CPU.ActiveCfg = Debug|Any CPU
		{5C2630AF-3B61-4766-A8CF-C91FC73EB4C7}.Debug|Any CPU.Build.0 = Debug|Any CPU
		{5C2630AF-3B61-4766-A8CF-C91FC73EB4C7}.Debug|x64.ActiveCfg = Debug|Any CPU
		{5C2630AF-3B61-4766-A8CF-C91FC73EB4C7}.Debug|x64.Build.0 = Debug|Any CPU
		{5C2630AF-3B61-4766-A8CF-C91FC73EB4C7}.Debug|x86.ActiveCfg = Debug|Any CPU
		{5C2630AF-3B61-4766-A8CF-C91FC73EB4C7}.Debug|x86.Build.0 = Debug|Any CPU
		{5C2630AF-3B61-4766-A8CF-C91FC73EB4C7}.Release|Any CPU.ActiveCfg = Release|Any CPU
		{5C2630AF-3B61-4766-A8CF-C91FC73EB4C7}.Release|Any CPU.Build.0 = Release|Any CPU
		{5C2630AF-3B61-4766-A8CF-C91FC73EB4C7}.Release|x64.ActiveCfg = Release|Any CPU
		{5C2630AF-3B61-4766-A8CF-C91FC73EB4C7}.Release|x64.Build.0 = Release|Any CPU
		{5C2630AF-3B61-4766-A8CF-C91FC73EB4C7}.Release|x86.ActiveCfg = Release|Any CPU
		{5C2630AF-3B61-4766-A8CF-C91FC73EB4C7}.Release|x86.Build.0 = Release|Any CPU
		{3D41C424-2D49-4690-A06A-6C60E481124D}.Debug|Any CPU.ActiveCfg = Debug|Any CPU
		{3D41C424-2D49-4690-A06A-6C60E481124D}.Debug|Any CPU.Build.0 = Debug|Any CPU
		{3D41C424-2D49-4690-A06A-6C60E481124D}.Debug|x64.ActiveCfg = Debug|Any CPU
		{3D41C424-2D49-4690-A06A-6C60E481124D}.Debug|x64.Build.0 = Debug|Any CPU
		{3D41C424-2D49-4690-A06A-6C60E481124D}.Debug|x86.ActiveCfg = Debug|Any CPU
		{3D41C424-2D49-4690-A06A-6C60E481124D}.Debug|x86.Build.0 = Debug|Any CPU
		{3D41C424-2D49-4690-A06A-6C60E481124D}.Release|Any CPU.ActiveCfg = Release|Any CPU
		{3D41C424-2D49-4690-A06A-6C60E481124D}.Release|Any CPU.Build.0 = Release|Any CPU
		{3D41C424-2D49-4690-A06A-6C60E481124D}.Release|x64.ActiveCfg = Release|Any CPU
		{3D41C424-2D49-4690-A06A-6C60E481124D}.Release|x64.Build.0 = Release|Any CPU
		{3D41C424-2D49-4690-A06A-6C60E481124D}.Release|x86.ActiveCfg = Release|Any CPU
		{3D41C424-2D49-4690-A06A-6C60E481124D}.Release|x86.Build.0 = Release|Any CPU
		{FAA5A839-F2D7-4A19-A6EB-6928F4B4F1F8}.Debug|Any CPU.ActiveCfg = Debug|Any CPU
		{FAA5A839-F2D7-4A19-A6EB-6928F4B4F1F8}.Debug|Any CPU.Build.0 = Debug|Any CPU
		{FAA5A839-F2D7-4A19-A6EB-6928F4B4F1F8}.Debug|x64.ActiveCfg = Debug|Any CPU
		{FAA5A839-F2D7-4A19-A6EB-6928F4B4F1F8}.Debug|x64.Build.0 = Debug|Any CPU
		{FAA5A839-F2D7-4A19-A6EB-6928F4B4F1F8}.Debug|x86.ActiveCfg = Debug|Any CPU
		{FAA5A839-F2D7-4A19-A6EB-6928F4B4F1F8}.Debug|x86.Build.0 = Debug|Any CPU
		{FAA5A839-F2D7-4A19-A6EB-6928F4B4F1F8}.Release|Any CPU.ActiveCfg = Release|Any CPU
		{FAA5A839-F2D7-4A19-A6EB-6928F4B4F1F8}.Release|Any CPU.Build.0 = Release|Any CPU
		{FAA5A839-F2D7-4A19-A6EB-6928F4B4F1F8}.Release|x64.ActiveCfg = Release|Any CPU
		{FAA5A839-F2D7-4A19-A6EB-6928F4B4F1F8}.Release|x64.Build.0 = Release|Any CPU
		{FAA5A839-F2D7-4A19-A6EB-6928F4B4F1F8}.Release|x86.ActiveCfg = Release|Any CPU
		{FAA5A839-F2D7-4A19-A6EB-6928F4B4F1F8}.Release|x86.Build.0 = Release|Any CPU
	EndGlobalSection
EndGlobal
