
Microsoft Visual Studio Solution File, Format Version 12.00
# Visual Studio 15
VisualStudioVersion = 15.0.26124.0
MinimumVisualStudioVersion = 15.0.26124.0
Project("{FAE04EC0-301F-11D3-BF4B-00C04F79EFBC}") = "tst_dotnet5.0", "tst_dotnet5.0\tst_dotnet5.0.csproj", "{A278195F-EA20-41D3-90D2-2F90B135E0B4}"
EndProject
Project("{FAE04EC0-301F-11D3-BF4B-00C04F79EFBC}") = "tst_netcoreapp3.1", "tst_netcoreapp3.1\tst_netcoreapp3.1.csproj", "{8CB0E19C-2325-4D61-B718-D1C88FEB4449}"
EndProject
Global
	GlobalSection(SolutionConfigurationPlatforms) = preSolution
		Debug|Any CPU = Debug|Any CPU
		Debug|x64 = Debug|x64
		Debug|x86 = Debug|x86
		Release|Any CPU = Release|Any CPU
		Release|x64 = Release|x64
		Release|x86 = Release|x86
	EndGlobalSection
	GlobalSection(SolutionProperties) = preSolution
		HideSolutionNode = FALSE
	EndGlobalSection
	GlobalSection(ProjectConfigurationPlatforms) = postSolution
		{A278195F-EA20-41D3-90D2-2F90B135E0B4}.Debug|Any CPU.ActiveCfg = Debug|Any CPU
		{A278195F-EA20-41D3-90D2-2F90B135E0B4}.Debug|Any CPU.Build.0 = Debug|Any CPU
		{A278195F-EA20-41D3-90D2-2F90B135E0B4}.Debug|x64.ActiveCfg = Debug|Any CPU
		{A278195F-EA20-41D3-90D2-2F90B135E0B4}.Debug|x64.Build.0 = Debug|Any CPU
		{A278195F-EA20-41D3-90D2-2F90B135E0B4}.Debug|x86.ActiveCfg = Debug|Any CPU
		{A278195F-EA20-41D3-90D2-2F90B135E0B4}.Debug|x86.Build.0 = Debug|Any CPU
		{A278195F-EA20-41D3-90D2-2F90B135E0B4}.Release|Any CPU.ActiveCfg = Release|Any CPU
		{A278195F-EA20-41D3-90D2-2F90B135E0B4}.Release|Any CPU.Build.0 = Release|Any CPU
		{A278195F-EA20-41D3-90D2-2F90B135E0B4}.Release|x64.ActiveCfg = Release|Any CPU
		{A278195F-EA20-41D3-90D2-2F90B135E0B4}.Release|x64.Build.0 = Release|Any CPU
		{A278195F-EA20-41D3-90D2-2F90B135E0B4}.Release|x86.ActiveCfg = Release|Any CPU
		{A278195F-EA20-41D3-90D2-2F90B135E0B4}.Release|x86.Build.0 = Release|Any CPU
		{8CB0E19C-2325-4D61-B718-D1C88FEB4449}.Debug|Any CPU.ActiveCfg = Debug|Any CPU
		{8CB0E19C-2325-4D61-B718-D1C88FEB4449}.Debug|Any CPU.Build.0 = Debug|Any CPU
		{8CB0E19C-2325-4D61-B718-D1C88FEB4449}.Debug|x64.ActiveCfg = Debug|Any CPU
		{8CB0E19C-2325-4D61-B718-D1C88FEB4449}.Debug|x64.Build.0 = Debug|Any CPU
		{8CB0E19C-2325-4D61-B718-D1C88FEB4449}.Debug|x86.ActiveCfg = Debug|Any CPU
		{8CB0E19C-2325-4D61-B718-D1C88FEB4449}.Debug|x86.Build.0 = Debug|Any CPU
		{8CB0E19C-2325-4D61-B718-D1C88FEB4449}.Release|Any CPU.ActiveCfg = Release|Any CPU
		{8CB0E19C-2325-4D61-B718-D1C88FEB4449}.Release|Any CPU.Build.0 = Release|Any CPU
		{8CB0E19C-2325-4D61-B718-D1C88FEB4449}.Release|x64.ActiveCfg = Release|Any CPU
		{8CB0E19C-2325-4D61-B718-D1C88FEB4449}.Release|x64.Build.0 = Release|Any CPU
		{8CB0E19C-2325-4D61-B718-D1C88FEB4449}.Release|x86.ActiveCfg = Release|Any CPU
		{8CB0E19C-2325-4D61-B718-D1C88FEB4449}.Release|x86.Build.0 = Release|Any CPU
	EndGlobalSection
EndGlobal
